{
  "name": "npm-dependencies-datation",
  "version": "1.0.0",
  "lockfileVersion": 1,
  "requires": true,
  "dependencies": {
    "graceful-js": {
      "version": "1.0.0",
      "resolved": "https://registry.npmjs.org/graceful-js/-/graceful-js-1.0.0.tgz",
      "integrity": "sha1-xxYo51BVq18t3KKFFFHOk+smGU4="
    },
    "lodash": {
      "version": "4.17.4",
      "resolved": "https://registry.npmjs.org/lodash/-/lodash-4.17.4.tgz",
      "integrity": "sha1-eCA6TRwyiuHYbcpkYONptX9AVa4="
    },
    "s-ago": {
      "version": "1.1.0",
      "resolved": "https://registry.npmjs.org/s-ago/-/s-ago-1.1.0.tgz",
      "integrity": "sha1-KVU8rWzG5BNYMynrfCLHTlAxQho="
    },
    "semver": {
      "version": "5.4.1",
      "resolved": "https://registry.npmjs.org/semver/-/semver-5.4.1.tgz",
      "integrity": "sha512-WfG/X9+oATh81XtllIo/I8gOiY9EXRdv1cQdyykeXK17YcUW3EXUAi2To4pcH6nZtJPr7ZOpM5OMyWJZm+8Rsg=="
    }
  }
}
